
Microsoft Visual Studio Solution File, Format Version 12.00
# Visual Studio Version 17
VisualStudioVersion = 17.9.34728.123
MinimumVisualStudioVersion = 10.0.40219.1
Project("{FAE04EC0-301F-11D3-BF4B-00C04F79EFBC}") = "UdemyMinimalApi.Coupons", "UdemyMinimalApi.Coupons\UdemyMinimalApi.Coupons.csproj", "{3D02A5C1-F8B6-426F-ADB7-C0807134FB0B}"
EndProject
Global
	GlobalSection(SolutionConfigurationPlatforms) = preSolution
		Debug|Any CPU = Debug|Any CPU
		Release|Any CPU = Release|Any CPU
	EndGlobalSection
	GlobalSection(ProjectConfigurationPlatforms) = postSolution
		{3D02A5C1-F8B6-426F-ADB7-C0807134FB0B}.Debug|Any CPU.ActiveCfg = Debug|Any CPU
		{3D02A5C1-F8B6-426F-ADB7-C0807134FB0B}.Debug|Any CPU.Build.0 = Debug|Any CPU
		{3D02A5C1-F8B6-426F-ADB7-C0807134FB0B}.Release|Any CPU.ActiveCfg = Release|Any CPU
		{3D02A5C1-F8B6-426F-ADB7-C0807134FB0B}.Release|Any CPU.Build.0 = Release|Any CPU
	EndGlobalSection
	GlobalSection(SolutionProperties) = preSolution
		HideSolutionNode = FALSE
	EndGlobalSection
	GlobalSection(ExtensibilityGlobals) = postSolution
		SolutionGuid = {339B2F2B-76FD-4298-AF14-BC19F854215E}
	EndGlobalSection
EndGlobal
